
Microsoft Visual Studio Solution File, Format Version 12.00
# Visual Studio 15
VisualStudioVersion = 15.0.28307.572
MinimumVisualStudioVersion = 10.0.40219.1
Project("{9A19103F-16F7-4668-BE54-9A1E7A4F7556}") = "ApiRest", "ApiRest\ApiRest.csproj", "{058F86A4-5906-48A0-80D5-EBCA2E6E1A44}"
EndProject
Project("{FAE04EC0-301F-11D3-BF4B-00C04F79EFBC}") = "XUnitTestProjectApiRest", "XUnitTestProjectApiRest\XUnitTestProjectApiRest.csproj", "{EF6274D3-63E2-4804-A2EE-E2FD8CC30107}"
EndProject
Global
	GlobalSection(SolutionConfigurationPlatforms) = preSolution
		Debug|Any CPU = Debug|Any CPU
		Release|Any CPU = Release|Any CPU
	EndGlobalSection
	GlobalSection(ProjectConfigurationPlatforms) = postSolution
		{058F86A4-5906-48A0-80D5-EBCA2E6E1A44}.Debug|Any CPU.ActiveCfg = Debug|Any CPU
		{058F86A4-5906-48A0-80D5-EBCA2E6E1A44}.Debug|Any CPU.Build.0 = Debug|Any CPU
		{058F86A4-5906-48A0-80D5-EBCA2E6E1A44}.Release|Any CPU.ActiveCfg = Release|Any CPU
		{058F86A4-5906-48A0-80D5-EBCA2E6E1A44}.Release|Any CPU.Build.0 = Release|Any CPU
		{EF6274D3-63E2-4804-A2EE-E2FD8CC30107}.Debug|Any CPU.ActiveCfg = Debug|Any CPU
		{EF6274D3-63E2-4804-A2EE-E2FD8CC30107}.Debug|Any CPU.Build.0 = Debug|Any CPU
		{EF6274D3-63E2-4804-A2EE-E2FD8CC30107}.Release|Any CPU.ActiveCfg = Release|Any CPU
		{EF6274D3-63E2-4804-A2EE-E2FD8CC30107}.Release|Any CPU.Build.0 = Release|Any CPU
	EndGlobalSection
	GlobalSection(SolutionProperties) = preSolution
		HideSolutionNode = FALSE
	EndGlobalSection
	GlobalSection(ExtensibilityGlobals) = postSolution
		SolutionGuid = {50226019-DD60-4401-BA3E-ECA562AB2553}
	EndGlobalSection
EndGlobal
